
Microsoft Visual Studio Solution File, Format Version 12.00
# Visual Studio Version 16
VisualStudioVersion = 16.0.29709.97
MinimumVisualStudioVersion = 10.0.40219.1
Project("{FAE04EC0-301F-11D3-BF4B-00C04F79EFBC}") = "Interface", "Interface\Interface.csproj", "{3AFD4EC8-570C-42ED-90FF-A604F77DF40A}"
EndProject
Global
	GlobalSection(SolutionConfigurationPlatforms) = preSolution
		Debug|Any CPU = Debug|Any CPU
		Release|Any CPU = Release|Any CPU
	EndGlobalSection
	GlobalSection(ProjectConfigurationPlatforms) = postSolution
		{3AFD4EC8-570C-42ED-90FF-A604F77DF40A}.Debug|Any CPU.ActiveCfg = Debug|Any CPU
		{3AFD4EC8-570C-42ED-90FF-A604F77DF40A}.Debug|Any CPU.Build.0 = Debug|Any CPU
		{3AFD4EC8-570C-42ED-90FF-A604F77DF40A}.Release|Any CPU.ActiveCfg = Release|Any CPU
		{3AFD4EC8-570C-42ED-90FF-A604F77DF40A}.Release|Any CPU.Build.0 = Release|Any CPU
	EndGlobalSection
	GlobalSection(SolutionProperties) = preSolution
		HideSolutionNode = FALSE
	EndGlobalSection
	GlobalSection(ExtensibilityGlobals) = postSolution
		SolutionGuid = {ADC27ECF-217F-4127-855B-C698CDDC1ED1}
	EndGlobalSection
EndGlobal
